
Microsoft Visual Studio Solution File, Format Version 12.00
# Visual Studio Version 17
VisualStudioVersion = 17.8.34525.116
MinimumVisualStudioVersion = 10.0.40219.1
Project("{FAE04EC0-301F-11D3-BF4B-00C04F79EFBC}") = "electroMVC", "electroMVC\electroMVC.csproj", "{8041242F-D9DE-42BF-9F4B-706B0F3775E5}"
EndProject
Global
	GlobalSection(SolutionConfigurationPlatforms) = preSolution
		Debug|Any CPU = Debug|Any CPU
		Release|Any CPU = Release|Any CPU
	EndGlobalSection
	GlobalSection(ProjectConfigurationPlatforms) = postSolution
		{8041242F-D9DE-42BF-9F4B-706B0F3775E5}.Debug|Any CPU.ActiveCfg = Debug|Any CPU
		{8041242F-D9DE-42BF-9F4B-706B0F3775E5}.Debug|Any CPU.Build.0 = Debug|Any CPU
		{8041242F-D9DE-42BF-9F4B-706B0F3775E5}.Release|Any CPU.ActiveCfg = Release|Any CPU
		{8041242F-D9DE-42BF-9F4B-706B0F3775E5}.Release|Any CPU.Build.0 = Release|Any CPU
	EndGlobalSection
	GlobalSection(SolutionProperties) = preSolution
		HideSolutionNode = FALSE
	EndGlobalSection
	GlobalSection(ExtensibilityGlobals) = postSolution
		SolutionGuid = {2377A681-AED1-4A5F-9241-3BC6E4CCADF1}
	EndGlobalSection
EndGlobal
